// !$*UTF8*$!
{
	archiveVersion = 1;
	classes = {
	};
	objectVersion = 56;
	objects = {

/* Begin PBXBuildFile section */
		411BA23E2C51390A00E9D731 /* AppDelegate.swift in Sources */ = {isa = PBXBuildFile; fileRef = 411BA23D2C51390A00E9D731 /* AppDelegate.swift */; };
		411BA2402C51390A00E9D731 /* SceneDelegate.swift in Sources */ = {isa = PBXBuildFile; fileRef = 411BA23F2C51390A00E9D731 /* SceneDelegate.swift */; };
		411BA2422C51390A00E9D731 /* ViewController.swift in Sources */ = {isa = PBXBuildFile; fileRef = 411BA2412C51390A00E9D731 /* ViewController.swift */; };
		411BA2452C51390A00E9D731 /* Base in Resources */ = {isa = PBXBuildFile; fileRef = 411BA2442C51390A00E9D731 /* Base */; };
		411BA2472C51390B00E9D731 /* Assets.xcassets in Resources */ = {isa = PBXBuildFile; fileRef = 411BA2462C51390B00E9D731 /* Assets.xcassets */; };
		411BA24A2C51390B00E9D731 /* Base in Resources */ = {isa = PBXBuildFile; fileRef = 411BA2492C51390B00E9D731 /* Base */; };
		411BA2522C513A0C00E9D731 /* SecondViewController.swift in Sources */ = {isa = PBXBuildFile; fileRef = 411BA2512C513A0B00E9D731 /* SecondViewController.swift */; };
		411BA2552C513D3600E9D731 /* TableViewCell.xib in Resources */ = {isa = PBXBuildFile; fileRef = 411BA2542C513D3600E9D731 /* TableViewCell.xib */; };
		411BA2562C513D3600E9D731 /* TableViewCell.swift in Sources */ = {isa = PBXBuildFile; fileRef = 411BA2532C513D3600E9D731 /* TableViewCell.swift */; };
		411BA2582C513FC600E9D731 /* Network.swift in Sources */ = {isa = PBXBuildFile; fileRef = 411BA2572C513FC600E9D731 /* Network.swift */; };
		411BA25A2C513FEB00E9D731 /* CountrySearchResponse.swift in Sources */ = {isa = PBXBuildFile; fileRef = 411BA2592C513FEB00E9D731 /* CountrySearchResponse.swift */; };
		419C600C2C523752009806A6 /* Kingfisher in Frameworks */ = {isa = PBXBuildFile; productRef = 419C600B2C523752009806A6 /* Kingfisher */; };
		41A6FD9B2C6CD953001C3507 /* ViewModel.swift in Sources */ = {isa = PBXBuildFile; fileRef = 41A6FD9A2C6CD953001C3507 /* ViewModel.swift */; };
/* End PBXBuildFile section */

/* Begin PBXFileReference section */
		411BA23A2C51390A00E9D731 /* CountrySearch.app */ = {isa = PBXFileReference; explicitFileType = wrapper.application; includeInIndex = 0; path = CountrySearch.app; sourceTree = BUILT_PRODUCTS_DIR; };
		411BA23D2C51390A00E9D731 /* AppDelegate.swift */ = {isa = PBXFileReference; lastKnownFileType = sourcecode.swift; path = AppDelegate.swift; sourceTree = "<group>"; };
		411BA23F2C51390A00E9D731 /* SceneDelegate.swift */ = {isa = PBXFileReference; lastKnownFileType = sourcecode.swift; path = SceneDelegate.swift; sourceTree = "<group>"; };
		411BA2412C51390A00E9D731 /* ViewController.swift */ = {isa = PBXFileReference; lastKnownFileType = sourcecode.swift; path = ViewController.swift; sourceTree = "<group>"; };
		411BA2442C51390A00E9D731 /* Base */ = {isa = PBXFileReference; lastKnownFileType = file.storyboard; name = Base; path = Base.lproj/Main.storyboard; sourceTree = "<group>"; };
		411BA2462C51390B00E9D731 /* Assets.xcassets */ = {isa = PBXFileReference; lastKnownFileType = folder.assetcatalog; path = Assets.xcassets; sourceTree = "<group>"; };
		411BA2492C51390B00E9D731 /* Base */ = {isa = PBXFileReference; lastKnownFileType = file.storyboard; name = Base; path = Base.lproj/LaunchScreen.storyboard; sourceTree = "<group>"; };
		411BA24B2C51390B00E9D731 /* Info.plist */ = {isa = PBXFileReference; lastKnownFileType = text.plist.xml; path = Info.plist; sourceTree = "<group>"; };
		411BA2512C513A0B00E9D731 /* SecondViewController.swift */ = {isa = PBXFileReference; lastKnownFileType = sourcecode.swift; path = SecondViewController.swift; sourceTree = "<group>"; };
		411BA2532C513D3600E9D731 /* TableViewCell.swift */ = {isa = PBXFileReference; lastKnownFileType = sourcecode.swift; path = TableViewCell.swift; sourceTree = "<group>"; };
		411BA2542C513D3600E9D731 /* TableViewCell.xib */ = {isa = PBXFileReference; lastKnownFileType = file.xib; path = TableViewCell.xib; sourceTree = "<group>"; };
		411BA2572C513FC600E9D731 /* Network.swift */ = {isa = PBXFileReference; lastKnownFileType = sourcecode.swift; path = Network.swift; sourceTree = "<group>"; };
		411BA2592C513FEB00E9D731 /* CountrySearchResponse.swift */ = {isa = PBXFileReference; lastKnownFileType = sourcecode.swift; path = CountrySearchResponse.swift; sourceTree = "<group>"; };
		41A6FD9A2C6CD953001C3507 /* ViewModel.swift */ = {isa = PBXFileReference; lastKnownFileType = sourcecode.swift; path = ViewModel.swift; sourceTree = "<group>"; };
/* End PBXFileReference section */

/* Begin PBXFrameworksBuildPhase section */
		411BA2372C51390A00E9D731 /* Frameworks */ = {
			isa = PBXFrameworksBuildPhase;
			buildActionMask = 2147483647;
			files = (
				419C600C2C523752009806A6 /* Kingfisher in Frameworks */,
			);
			runOnlyForDeploymentPostprocessing = 0;
		};
/* End PBXFrameworksBuildPhase section */

/* Begin PBXGroup section */
		411BA2312C51390A00E9D731 = {
			isa = PBXGroup;
			children = (
				411BA23C2C51390A00E9D731 /* CountrySearch */,
				411BA23B2C51390A00E9D731 /* Products */,
			);
			sourceTree = "<group>";
		};
		411BA23B2C51390A00E9D731 /* Products */ = {
			isa = PBXGroup;
			children = (
				411BA23A2C51390A00E9D731 /* CountrySearch.app */,
			);
			name = Products;
			sourceTree = "<group>";
		};
		411BA23C2C51390A00E9D731 /* CountrySearch */ = {
			isa = PBXGroup;
			children = (
				411BA23D2C51390A00E9D731 /* AppDelegate.swift */,
				411BA23F2C51390A00E9D731 /* SceneDelegate.swift */,
				411BA2412C51390A00E9D731 /* ViewController.swift */,
				411BA2512C513A0B00E9D731 /* SecondViewController.swift */,
				411BA2432C51390A00E9D731 /* Main.storyboard */,
				411BA2462C51390B00E9D731 /* Assets.xcassets */,
				411BA2482C51390B00E9D731 /* LaunchScreen.storyboard */,
				411BA24B2C51390B00E9D731 /* Info.plist */,
				411BA2532C513D3600E9D731 /* TableViewCell.swift */,
				411BA2542C513D3600E9D731 /* TableViewCell.xib */,
				411BA2572C513FC600E9D731 /* Network.swift */,
				411BA2592C513FEB00E9D731 /* CountrySearchResponse.swift */,
				41A6FD9A2C6CD953001C3507 /* ViewModel.swift */,
			);
			path = CountrySearch;
			sourceTree = "<group>";
		};
/* End PBXGroup section */

/* Begin PBXNativeTarget section */
		411BA2392C51390A00E9D731 /* CountrySearch */ = {
			isa = PBXNativeTarget;
			buildConfigurationList = 411BA24E2C51390B00E9D731 /* Build configuration list for PBXNativeTarget "CountrySearch" */;
			buildPhases = (
				411BA2362C51390A00E9D731 /* Sources */,
				411BA2372C51390A00E9D731 /* Frameworks */,
				411BA2382C51390A00E9D731 /* Resources */,
			);
			buildRules = (
			);
			dependencies = (
			);
			name = CountrySearch;
			packageProductDependencies = (
				419C600B2C523752009806A6 /* Kingfisher */,
			);
			productName = CountrySearch;
			productReference = 411BA23A2C51390A00E9D731 /* CountrySearch.app */;
			productType = "com.apple.product-type.application";
		};
/* End PBXNativeTarget section */

/* Begin PBXProject section */
		411BA2322C51390A00E9D731 /* Project object */ = {
			isa = PBXProject;
			attributes = {
				BuildIndependentTargetsInParallel = 1;
				LastSwiftUpdateCheck = 1540;
				LastUpgradeCheck = 1540;
				TargetAttributes = {
					411BA2392C51390A00E9D731 = {
						CreatedOnToolsVersion = 15.4;
					};
				};
			};
			buildConfigurationList = 411BA2352C51390A00E9D731 /* Build configuration list for PBXProject "CountrySearch" */;
			compatibilityVersion = "Xcode 14.0";
			developmentRegion = en;
			hasScannedForEncodings = 0;
			knownRegions = (
				en,
				Base,
			);
			mainGroup = 411BA2312C51390A00E9D731;
			packageReferences = (
				419C600A2C523752009806A6 /* XCRemoteSwiftPackageReference "Kingfisher" */,
			);
			productRefGroup = 411BA23B2C51390A00E9D731 /* Products */;
			projectDirPath = "";
			projectRoot = "";
			targets = (
				411BA2392C51390A00E9D731 /* CountrySearch */,
			);
		};
/* End PBXProject section */

/* Begin PBXResourcesBuildPhase section */
		411BA2382C51390A00E9D731 /* Resources */ = {
			isa = PBXResourcesBuildPhase;
			buildActionMask = 2147483647;
			files = (
				411BA2472C51390B00E9D731 /* Assets.xcassets in Resources */,
				411BA2552C513D3600E9D731 /* TableViewCell.xib in Resources */,
				411BA24A2C51390B00E9D731 /* Base in Resources */,
				411BA2452C51390A00E9D731 /* Base in Resources */,
			);
			runOnlyForDeploymentPostprocessing = 0;
		};
/* End PBXResourcesBuildPhase section */

/* Begin PBXSourcesBuildPhase section */
		411BA2362C51390A00E9D731 /* Sources */ = {
			isa = PBXSourcesBuildPhase;
			buildActionMask = 2147483647;
			files = (
				411BA2562C513D3600E9D731 /* TableViewCell.swift in Sources */,
				41A6FD9B2C6CD953001C3507 /* ViewModel.swift in Sources */,
				411BA25A2C513FEB00E9D731 /* CountrySearchResponse.swift in Sources */,
				411BA2522C513A0C00E9D731 /* SecondViewController.swift in Sources */,
				411BA2582C513FC600E9D731 /* Network.swift in Sources */,
				411BA2422C51390A00E9D731 /* ViewController.swift in Sources */,
				411BA23E2C51390A00E9D731 /* AppDelegate.swift in Sources */,
				411BA2402C51390A00E9D731 /* SceneDelegate.swift in Sources */,
			);
			runOnlyForDeploymentPostprocessing = 0;
		};
/* End PBXSourcesBuildPhase section */

/* Begin PBXVariantGroup section */
		411BA2432C51390A00E9D731 /* Main.storyboard */ = {
			isa = PBXVariantGroup;
			children = (
				411BA2442C51390A00E9D731 /* Base */,
			);
			name = Main.storyboard;
			sourceTree = "<group>";
		};
		411BA2482C51390B00E9D731 /* LaunchScreen.storyboard */ = {
			isa = PBXVariantGroup;
			children = (
				411BA2492C51390B00E9D731 /* Base */,
			);
			name = LaunchScreen.storyboard;
			sourceTree = "<group>";
		};
/* End PBXVariantGroup section */

/* Begin XCBuildConfiguration section */
		411BA24C2C51390B00E9D731 /* Debug */ = {
			isa = XCBuildConfiguration;
			buildSettings = {
				ALWAYS_SEARCH_USER_PATHS = NO;
				ASSETCATALOG_COMPILER_GENERATE_SWIFT_ASSET_SYMBOL_EXTENSIONS = YES;
				CLANG_ANALYZER_NONNULL = YES;
				CLANG_ANALYZER_NUMBER_OBJECT_CONVERSION = YES_AGGRESSIVE;
				CLANG_CXX_LANGUAGE_STANDARD = "gnu++20";
				CLANG_ENABLE_MODULES = YES;
				CLANG_ENABLE_OBJC_ARC = YES;
				CLANG_ENABLE_OBJC_WEAK = YES;
				CLANG_WARN_BLOCK_CAPTURE_AUTORELEASING = YES;
				CLANG_WARN_BOOL_CONVERSION = YES;
				CLANG_WARN_COMMA = YES;
				CLANG_WARN_CONSTANT_CONVERSION = YES;
				CLANG_WARN_DEPRECATED_OBJC_IMPLEMENTATIONS = YES;
				CLANG_WARN_DIRECT_OBJC_ISA_USAGE = YES_ERROR;
				CLANG_WARN_DOCUMENTATION_COMMENTS = YES;
				CLANG_WARN_EMPTY_BODY = YES;
				CLANG_WARN_ENUM_CONVERSION = YES;
				CLANG_WARN_INFINITE_RECURSION = YES;
				CLANG_WARN_INT_CONVERSION = YES;
				CLANG_WARN_NON_LITERAL_NULL_CONVERSION = YES;
				CLANG_WARN_OBJC_IMPLICIT_RETAIN_SELF = YES;
				CLANG_WARN_OBJC_LITERAL_CONVERSION = YES;
				CLANG_WARN_OBJC_ROOT_CLASS = YES_ERROR;
				CLANG_WARN_QUOTED_INCLUDE_IN_FRAMEWORK_HEADER = YES;
				CLANG_WARN_RANGE_LOOP_ANALYSIS = YES;
				CLANG_WARN_STRICT_PROTOTYPES = YES;
				CLANG_WARN_SUSPICIOUS_MOVE = YES;
				CLANG_WARN_UNGUARDED_AVAILABILITY = YES_AGGRESSIVE;
				CLANG_WARN_UNREACHABLE_CODE = YES;
				CLANG_WARN__DUPLICATE_METHOD_MATCH = YES;
				COPY_PHASE_STRIP = NO;
				DEBUG_INFORMATION_FORMAT = dwarf;
				ENABLE_STRICT_OBJC_MSGSEND = YES;
				ENABLE_TESTABILITY = YES;
				ENABLE_USER_SCRIPT_SANDBOXING = YES;
				GCC_C_LANGUAGE_STANDARD = gnu17;
				GCC_DYNAMIC_NO_PIC = NO;
				GCC_NO_COMMON_BLOCKS = YES;
				GCC_OPTIMIZATION_LEVEL = 0;
				GCC_PREPROCESSOR_DEFINITIONS = (
					"DEBUG=1",
					"$(inherited)",
				);
				GCC_WARN_64_TO_32_BIT_CONVERSION = YES;
				GCC_WARN_ABOUT_RETURN_TYPE = YES_ERROR;
				GCC_WARN_UNDECLARED_SELECTOR = YES;
				GCC_WARN_UNINITIALIZED_AUTOS = YES_AGGRESSIVE;
				GCC_WARN_UNUSED_FUNCTION = YES;
				GCC_WARN_UNUSED_VARIABLE = YES;
				IPHONEOS_DEPLOYMENT_TARGET = 17.5;
				LOCALIZATION_PREFERS_STRING_CATALOGS = YES;
				MTL_ENABLE_DEBUG_INFO = INCLUDE_SOURCE;
				MTL_FAST_MATH = YES;
				ONLY_ACTIVE_ARCH = YES;
				SDKROOT = iphoneos;
				SWIFT_ACTIVE_COMPILATION_CONDITIONS = "DEBUG $(inherited)";
				SWIFT_OPTIMIZATION_LEVEL = "-Onone";
			};
			name = Debug;
		};
		411BA24D2C51390B00E9D731 /* Release */ = {
			isa = XCBuildConfiguration;
			buildSettings = {
				ALWAYS_SEARCH_USER_PATHS = NO;
				ASSETCATALOG_COMPILER_GENERATE_SWIFT_ASSET_SYMBOL_EXTENSIONS = YES;
				CLANG_ANALYZER_NONNULL = YES;
				CLANG_ANALYZER_NUMBER_OBJECT_CONVERSION = YES_AGGRESSIVE;
				CLANG_CXX_LANGUAGE_STANDARD = "gnu++20";
				CLANG_ENABLE_MODULES = YES;
				CLANG_ENABLE_OBJC_ARC = YES;
				CLANG_ENABLE_OBJC_WEAK = YES;
				CLANG_WARN_BLOCK_CAPTURE_AUTORELEASING = YES;
				CLANG_WARN_BOOL_CONVERSION = YES;
				CLANG_WARN_COMMA = YES;
				CLANG_WARN_CONSTANT_CONVERSION = YES;
				CLANG_WARN_DEPRECATED_OBJC_IMPLEMENTATIONS = YES;
				CLANG_WARN_DIRECT_OBJC_ISA_USAGE = YES_ERROR;
				CLANG_WARN_DOCUMENTATION_COMMENTS = YES;
				CLANG_WARN_EMPTY_BODY = YES;
				CLANG_WARN_ENUM_CONVERSION = YES;
				CLANG_WARN_INFINITE_RECURSION = YES;
				CLANG_WARN_INT_CONVERSION = YES;
				CLANG_WARN_NON_LITERAL_NULL_CONVERSION = YES;
				CLANG_WARN_OBJC_IMPLICIT_RETAIN_SELF = YES;
				CLANG_WARN_OBJC_LITERAL_CONVERSION = YES;
				CLANG_WARN_OBJC_ROOT_CLASS = YES_ERROR;
				CLANG_WARN_QUOTED_INCLUDE_IN_FRAMEWORK_HEADER = YES;
				CLANG_WARN_RANGE_LOOP_ANALYSIS = YES;
				CLANG_WARN_STRICT_PROTOTYPES = YES;
				CLANG_WARN_SUSPICIOUS_MOVE = YES;
				CLANG_WARN_UNGUARDED_AVAILABILITY = YES_AGGRESSIVE;
				CLANG_WARN_UNREACHABLE_CODE = YES;
				CLANG_WARN__DUPLICATE_METHOD_MATCH = YES;
				COPY_PHASE_STRIP = NO;
				DEBUG_INFORMATION_FORMAT = "dwarf-with-dsym";
				ENABLE_NS_ASSERTIONS = NO;
				ENABLE_STRICT_OBJC_MSGSEND = YES;
				ENABLE_USER_SCRIPT_SANDBOXING = YES;
				GCC_C_LANGUAGE_STANDARD = gnu17;
				GCC_NO_COMMON_BLOCKS = YES;
				GCC_WARN_64_TO_32_BIT_CONVERSION = YES;
				GCC_WARN_ABOUT_RETURN_TYPE = YES_ERROR;
				GCC_WARN_UNDECLARED_SELECTOR = YES;
				GCC_WARN_UNINITIALIZED_AUTOS = YES_AGGRESSIVE;
				GCC_WARN_UNUSED_FUNCTION = YES;
				GCC_WARN_UNUSED_VARIABLE = YES;
				IPHONEOS_DEPLOYMENT_TARGET = 17.5;
				LOCALIZATION_PREFERS_STRING_CATALOGS = YES;
				MTL_ENABLE_DEBUG_INFO = NO;
				MTL_FAST_MATH = YES;
				SDKROOT = iphoneos;
				SWIFT_COMPILATION_MODE = wholemodule;
				VALIDATE_PRODUCT = YES;
			};
			name = Release;
		};
		411BA24F2C51390B00E9D731 /* Debug */ = {
			isa = XCBuildConfiguration;
			buildSettings = {
				ASSETCATALOG_COMPILER_APPICON_NAME = AppIcon;
				ASSETCATALOG_COMPILER_GLOBAL_ACCENT_COLOR_NAME = AccentColor;
				CODE_SIGN_STYLE = Automatic;
				CURRENT_PROJECT_VERSION = 1;
				DEVELOPMENT_TEAM = 9FKHV4ASJ3;
				GENERATE_INFOPLIST_FILE = YES;
				INFOPLIST_FILE = CountrySearch/Info.plist;
				INFOPLIST_KEY_UIApplicationSupportsIndirectInputEvents = YES;
				INFOPLIST_KEY_UILaunchStoryboardName = LaunchScreen;
				INFOPLIST_KEY_UIMainStoryboardFile = Main;
				INFOPLIST_KEY_UISupportedInterfaceOrientations_iPad = "UIInterfaceOrientationPortrait UIInterfaceOrientationPortraitUpsideDown UIInterfaceOrientationLandscapeLeft UIInterfaceOrientationLandscapeRight";
				INFOPLIST_KEY_UISupportedInterfaceOrientations_iPhone = "UIInterfaceOrientationPortrait UIInterfaceOrientationLandscapeLeft UIInterfaceOrientationLandscapeRight";
				LD_RUNPATH_SEARCH_PATHS = (
					"$(inherited)",
					"@executable_path/Frameworks",
				);
				MARKETING_VERSION = 1.0;
				PRODUCT_BUNDLE_IDENTIFIER = com.busranurdogan.CountrySearch;
				PRODUCT_NAME = "$(TARGET_NAME)";
				SWIFT_EMIT_LOC_STRINGS = YES;
				SWIFT_VERSION = 5.0;
				TARGETED_DEVICE_FAMILY = "1,2";
			};
			name = Debug;
		};
		411BA2502C51390B00E9D731 /* Release */ = {
			isa = XCBuildConfiguration;
			buildSettings = {
				ASSETCATALOG_COMPILER_APPICON_NAME = AppIcon;
				ASSETCATALOG_COMPILER_GLOBAL_ACCENT_COLOR_NAME = AccentColor;
				CODE_SIGN_STYLE = Automatic;
				CURRENT_PROJECT_VERSION = 1;
				DEVELOPMENT_TEAM = 9FKHV4ASJ3;
				GENERATE_INFOPLIST_FILE = YES;
				INFOPLIST_FILE = CountrySearch/Info.plist;
				INFOPLIST_KEY_UIApplicationSupportsIndirectInputEvents = YES;
				INFOPLIST_KEY_UILaunchStoryboardName = LaunchScreen;
				INFOPLIST_KEY_UIMainStoryboardFile = Main;
				INFOPLIST_KEY_UISupportedInterfaceOrientations_iPad = "UIInterfaceOrientationPortrait UIInterfaceOrientationPortraitUpsideDown UIInterfaceOrientationLandscapeLeft UIInterfaceOrientationLandscapeRight";
				INFOPLIST_KEY_UISupportedInterfaceOrientations_iPhone = "UIInterfaceOrientationPortrait UIInterfaceOrientationLandscapeLeft UIInterfaceOrientationLandscapeRight";
				LD_RUNPATH_SEARCH_PATHS = (
					"$(inherited)",
					"@executable_path/Frameworks",
				);
				MARKETING_VERSION = 1.0;
				PRODUCT_BUNDLE_IDENTIFIER = com.busranurdogan.CountrySearch;
				PRODUCT_NAME = "$(TARGET_NAME)";
				SWIFT_EMIT_LOC_STRINGS = YES;
				SWIFT_VERSION = 5.0;
				TARGETED_DEVICE_FAMILY = "1,2";
			};
			name = Release;
		};
/* End XCBuildConfiguration section */

/* Begin XCConfigurationList section */
		411BA2352C51390A00E9D731 /* Build configuration list for PBXProject "CountrySearch" */ = {
			isa = XCConfigurationList;
			buildConfigurations = (
				411BA24C2C51390B00E9D731 /* Debug */,
				411BA24D2C51390B00E9D731 /* Release */,
			);
			defaultConfigurationIsVisible = 0;
			defaultConfigurationName = Release;
		};
		411BA24E2C51390B00E9D731 /* Build configuration list for PBXNativeTarget "CountrySearch" */ = {
			isa = XCConfigurationList;
			buildConfigurations = (
				411BA24F2C51390B00E9D731 /* Debug */,
				411BA2502C51390B00E9D731 /* Release */,
			);
			defaultConfigurationIsVisible = 0;
			defaultConfigurationName = Release;
		};
/* End XCConfigurationList section */

/* Begin XCRemoteSwiftPackageReference section */
		419C600A2C523752009806A6 /* XCRemoteSwiftPackageReference "Kingfisher" */ = {
			isa = XCRemoteSwiftPackageReference;
			repositoryURL = "https://github.com/onevcat/Kingfisher.git";
			requirement = {
				kind = upToNextMajorVersion;
				minimumVersion = 7.12.0;
			};
		};
/* End XCRemoteSwiftPackageReference section */

/* Begin XCSwiftPackageProductDependency section */
		419C600B2C523752009806A6 /* Kingfisher */ = {
			isa = XCSwiftPackageProductDependency;
			package = 419C600A2C523752009806A6 /* XCRemoteSwiftPackageReference "Kingfisher" */;
			productName = Kingfisher;
		};
/* End XCSwiftPackageProductDependency section */
	};
	rootObject = 411BA2322C51390A00E9D731 /* Project object */;
}
